
Microsoft Visual Studio Solution File, Format Version 12.00
# Visual Studio Version 16
VisualStudioVersion = 16.0.28729.10
MinimumVisualStudioVersion = 10.0.40219.1
Project("{FAE04EC0-301F-11D3-BF4B-00C04F79EFBC}") = "TuringApp", "TuringApp\TuringApp.csproj", "{5B1BB600-4EE3-4C36-9160-23076D436E87}"
EndProject
Global
	GlobalSection(SolutionConfigurationPlatforms) = preSolution
		Debug|Any CPU = Debug|Any CPU
		Release|Any CPU = Release|Any CPU
	EndGlobalSection
	GlobalSection(ProjectConfigurationPlatforms) = postSolution
		{5B1BB600-4EE3-4C36-9160-23076D436E87}.Debug|Any CPU.ActiveCfg = Debug|Any CPU
		{5B1BB600-4EE3-4C36-9160-23076D436E87}.Debug|Any CPU.Build.0 = Debug|Any CPU
		{5B1BB600-4EE3-4C36-9160-23076D436E87}.Release|Any CPU.ActiveCfg = Release|Any CPU
		{5B1BB600-4EE3-4C36-9160-23076D436E87}.Release|Any CPU.Build.0 = Release|Any CPU
	EndGlobalSection
	GlobalSection(SolutionProperties) = preSolution
		HideSolutionNode = FALSE
	EndGlobalSection
	GlobalSection(ExtensibilityGlobals) = postSolution
		SolutionGuid = {BE2BC3D8-063E-4927-A3C4-0DC22ED5F215}
	EndGlobalSection
EndGlobal
